
Microsoft Visual Studio Solution File, Format Version 12.00
# Visual Studio Version 16
VisualStudioVersion = 16.0.30611.23
MinimumVisualStudioVersion = 10.0.40219.1
Project("{FAE04EC0-301F-11D3-BF4B-00C04F79EFBC}") = "MvcOnlineTicaretOtomasyon", "MvcOnlineTicaretOtomasyon\MvcOnlineTicaretOtomasyon.csproj", "{7AB1ED16-8873-448D-A0A0-FE673EA8599E}"
EndProject
Global
	GlobalSection(SolutionConfigurationPlatforms) = preSolution
		Debug|Any CPU = Debug|Any CPU
		Release|Any CPU = Release|Any CPU
	EndGlobalSection
	GlobalSection(ProjectConfigurationPlatforms) = postSolution
		{7AB1ED16-8873-448D-A0A0-FE673EA8599E}.Debug|Any CPU.ActiveCfg = Debug|Any CPU
		{7AB1ED16-8873-448D-A0A0-FE673EA8599E}.Debug|Any CPU.Build.0 = Debug|Any CPU
		{7AB1ED16-8873-448D-A0A0-FE673EA8599E}.Release|Any CPU.ActiveCfg = Release|Any CPU
		{7AB1ED16-8873-448D-A0A0-FE673EA8599E}.Release|Any CPU.Build.0 = Release|Any CPU
	EndGlobalSection
	GlobalSection(SolutionProperties) = preSolution
		HideSolutionNode = FALSE
	EndGlobalSection
	GlobalSection(ExtensibilityGlobals) = postSolution
		SolutionGuid = {CE3ED18D-0B9B-4BBB-AA3C-418901A8279D}
	EndGlobalSection
EndGlobal
